
Microsoft Visual Studio Solution File, Format Version 12.00
# Visual Studio Version 17
VisualStudioVersion = 17.0.31903.59
MinimumVisualStudioVersion = 10.0.40219.1
Project("{FAE04EC0-301F-11D3-BF4B-00C04F79EFBC}") = "BlazorApp1Testt", "BlazorApp1Testt\BlazorApp1Testt.csproj", "{2B30C992-29D4-4C27-BE7C-3B26A9351FAE}"
EndProject
Global
	GlobalSection(SolutionConfigurationPlatforms) = preSolution
		Debug|Any CPU = Debug|Any CPU
		Release|Any CPU = Release|Any CPU
	EndGlobalSection
	GlobalSection(SolutionProperties) = preSolution
		HideSolutionNode = FALSE
	EndGlobalSection
	GlobalSection(ProjectConfigurationPlatforms) = postSolution
		{2B30C992-29D4-4C27-BE7C-3B26A9351FAE}.Debug|Any CPU.ActiveCfg = Debug|Any CPU
		{2B30C992-29D4-4C27-BE7C-3B26A9351FAE}.Debug|Any CPU.Build.0 = Debug|Any CPU
		{2B30C992-29D4-4C27-BE7C-3B26A9351FAE}.Release|Any CPU.ActiveCfg = Release|Any CPU
		{2B30C992-29D4-4C27-BE7C-3B26A9351FAE}.Release|Any CPU.Build.0 = Release|Any CPU
	EndGlobalSection
EndGlobal
